
Microsoft Visual Studio Solution File, Format Version 12.00
# Visual Studio Version 17
VisualStudioVersion = 17.13.35931.197 d17.13
MinimumVisualStudioVersion = 10.0.40219.1
Project("{FAE04EC0-301F-11D3-BF4B-00C04F79EFBC}") = "AlertaComputadorPublico", "AlertaComputadorPublico.csproj", "{06ED0BF3-5180-49FA-AFAB-A66E03699512}"
EndProject
Global
	GlobalSection(SolutionConfigurationPlatforms) = preSolution
		Debug|Any CPU = Debug|Any CPU
		Release|Any CPU = Release|Any CPU
	EndGlobalSection
	GlobalSection(ProjectConfigurationPlatforms) = postSolution
		{06ED0BF3-5180-49FA-AFAB-A66E03699512}.Debug|Any CPU.ActiveCfg = Debug|Any CPU
		{06ED0BF3-5180-49FA-AFAB-A66E03699512}.Debug|Any CPU.Build.0 = Debug|Any CPU
		{06ED0BF3-5180-49FA-AFAB-A66E03699512}.Release|Any CPU.ActiveCfg = Release|Any CPU
		{06ED0BF3-5180-49FA-AFAB-A66E03699512}.Release|Any CPU.Build.0 = Release|Any CPU
	EndGlobalSection
	GlobalSection(SolutionProperties) = preSolution
		HideSolutionNode = FALSE
	EndGlobalSection
	GlobalSection(ExtensibilityGlobals) = postSolution
		SolutionGuid = {1A2C820B-AFAA-479F-B1F0-A0185A38AD91}
	EndGlobalSection
EndGlobal
